// !$*UTF8*$!
{
	archiveVersion = 1;
	classes = {
	};
	objectVersion = 56;
	objects = {

/* Begin PBXBuildFile section */
		0A1091AC2A15CB380014DEF3 /* JebreedApp.swift in Sources */ = {isa = PBXBuildFile; fileRef = 0A1091AB2A15CB380014DEF3 /* JebreedApp.swift */; };
		0A1091AE2A15CB380014DEF3 /* ContentView.swift in Sources */ = {isa = PBXBuildFile; fileRef = 0A1091AD2A15CB380014DEF3 /* ContentView.swift */; };
		0A1091B02A15CB3A0014DEF3 /* Assets.xcassets in Resources */ = {isa = PBXBuildFile; fileRef = 0A1091AF2A15CB3A0014DEF3 /* Assets.xcassets */; };
		0A1091B32A15CB3A0014DEF3 /* Preview Assets.xcassets in Resources */ = {isa = PBXBuildFile; fileRef = 0A1091B22A15CB3A0014DEF3 /* Preview Assets.xcassets */; };
		0A1091B52A15CB3A0014DEF3 /* Persistence.swift in Sources */ = {isa = PBXBuildFile; fileRef = 0A1091B42A15CB3A0014DEF3 /* Persistence.swift */; };
		0A1091B82A15CB3A0014DEF3 /* Jebreed.xcdatamodeld in Sources */ = {isa = PBXBuildFile; fileRef = 0A1091B62A15CB3A0014DEF3 /* Jebreed.xcdatamodeld */; };
		0A13545D2A16313300A3F018 /* Camera-SwiftUI in Frameworks */ = {isa = PBXBuildFile; productRef = 0A13545C2A16313300A3F018 /* Camera-SwiftUI */; };
		0A13545F2A1631A800A3F018 /* CameraView.swift in Sources */ = {isa = PBXBuildFile; fileRef = 0A13545E2A1631A800A3F018 /* CameraView.swift */; };
		0AAECB442A17B63A00B0864E /* DogObjectDetector.mlmodel in Sources */ = {isa = PBXBuildFile; fileRef = 0AAECB432A17B63A00B0864E /* DogObjectDetector.mlmodel */; };
		0ADC195C2A1609F500806D71 /* DogImageClassifier.mlmodel in Sources */ = {isa = PBXBuildFile; fileRef = 0ADC195B2A1609F500806D71 /* DogImageClassifier.mlmodel */; };
		0ADC195E2A160AA400806D71 /* MainView.swift in Sources */ = {isa = PBXBuildFile; fileRef = 0ADC195D2A160AA400806D71 /* MainView.swift */; };
		0ADC19642A16132D00806D71 /* ImageClassifier.swift in Sources */ = {isa = PBXBuildFile; fileRef = 0ADC19632A16132D00806D71 /* ImageClassifier.swift */; };
/* End PBXBuildFile section */

/* Begin PBXFileReference section */
		0A1091A82A15CB380014DEF3 /* Jebreed.app */ = {isa = PBXFileReference; explicitFileType = wrapper.application; includeInIndex = 0; path = Jebreed.app; sourceTree = BUILT_PRODUCTS_DIR; };
		0A1091AB2A15CB380014DEF3 /* JebreedApp.swift */ = {isa = PBXFileReference; lastKnownFileType = sourcecode.swift; path = JebreedApp.swift; sourceTree = "<group>"; };
		0A1091AD2A15CB380014DEF3 /* ContentView.swift */ = {isa = PBXFileReference; lastKnownFileType = sourcecode.swift; path = ContentView.swift; sourceTree = "<group>"; };
		0A1091AF2A15CB3A0014DEF3 /* Assets.xcassets */ = {isa = PBXFileReference; lastKnownFileType = folder.assetcatalog; path = Assets.xcassets; sourceTree = "<group>"; };
		0A1091B22A15CB3A0014DEF3 /* Preview Assets.xcassets */ = {isa = PBXFileReference; lastKnownFileType = folder.assetcatalog; path = "Preview Assets.xcassets"; sourceTree = "<group>"; };
		0A1091B42A15CB3A0014DEF3 /* Persistence.swift */ = {isa = PBXFileReference; lastKnownFileType = sourcecode.swift; path = Persistence.swift; sourceTree = "<group>"; };
		0A1091B72A15CB3A0014DEF3 /* Jebreed.xcdatamodel */ = {isa = PBXFileReference; lastKnownFileType = wrapper.xcdatamodel; path = Jebreed.xcdatamodel; sourceTree = "<group>"; };
		0A1354542A161C3700A3F018 /* Info.plist */ = {isa = PBXFileReference; lastKnownFileType = text.plist; path = Info.plist; sourceTree = "<group>"; };
		0A13545E2A1631A800A3F018 /* CameraView.swift */ = {isa = PBXFileReference; lastKnownFileType = sourcecode.swift; path = CameraView.swift; sourceTree = "<group>"; };
		0AAECB432A17B63A00B0864E /* DogObjectDetector.mlmodel */ = {isa = PBXFileReference; lastKnownFileType = file.mlmodel; path = DogObjectDetector.mlmodel; sourceTree = "<group>"; };
		0ADC195B2A1609F500806D71 /* DogImageClassifier.mlmodel */ = {isa = PBXFileReference; lastKnownFileType = file.mlmodel; path = DogImageClassifier.mlmodel; sourceTree = "<group>"; };
		0ADC195D2A160AA400806D71 /* MainView.swift */ = {isa = PBXFileReference; lastKnownFileType = sourcecode.swift; path = MainView.swift; sourceTree = "<group>"; };
		0ADC19632A16132D00806D71 /* ImageClassifier.swift */ = {isa = PBXFileReference; lastKnownFileType = sourcecode.swift; path = ImageClassifier.swift; sourceTree = "<group>"; };
/* End PBXFileReference section */

/* Begin PBXFrameworksBuildPhase section */
		0A1091A52A15CB380014DEF3 /* Frameworks */ = {
			isa = PBXFrameworksBuildPhase;
			buildActionMask = 2147483647;
			files = (
				0A13545D2A16313300A3F018 /* Camera-SwiftUI in Frameworks */,
			);
			runOnlyForDeploymentPostprocessing = 0;
		};
/* End PBXFrameworksBuildPhase section */

/* Begin PBXGroup section */
		0A10919F2A15CB380014DEF3 = {
			isa = PBXGroup;
			children = (
				0A1091AA2A15CB380014DEF3 /* Jebreed */,
				0A1091A92A15CB380014DEF3 /* Products */,
			);
			sourceTree = "<group>";
		};
		0A1091A92A15CB380014DEF3 /* Products */ = {
			isa = PBXGroup;
			children = (
				0A1091A82A15CB380014DEF3 /* Jebreed.app */,
			);
			name = Products;
			sourceTree = "<group>";
		};
		0A1091AA2A15CB380014DEF3 /* Jebreed */ = {
			isa = PBXGroup;
			children = (
				0A1354542A161C3700A3F018 /* Info.plist */,
				0ADC195A2A1609EA00806D71 /* Model */,
				0A1091AB2A15CB380014DEF3 /* JebreedApp.swift */,
				0A1091AD2A15CB380014DEF3 /* ContentView.swift */,
				0A1091AF2A15CB3A0014DEF3 /* Assets.xcassets */,
				0A1091B42A15CB3A0014DEF3 /* Persistence.swift */,
				0A1091B62A15CB3A0014DEF3 /* Jebreed.xcdatamodeld */,
				0A1091B12A15CB3A0014DEF3 /* Preview Content */,
				0ADC195D2A160AA400806D71 /* MainView.swift */,
				0A13545E2A1631A800A3F018 /* CameraView.swift */,
			);
			path = Jebreed;
			sourceTree = "<group>";
		};
		0A1091B12A15CB3A0014DEF3 /* Preview Content */ = {
			isa = PBXGroup;
			children = (
				0A1091B22A15CB3A0014DEF3 /* Preview Assets.xcassets */,
			);
			path = "Preview Content";
			sourceTree = "<group>";
		};
		0ADC195A2A1609EA00806D71 /* Model */ = {
			isa = PBXGroup;
			children = (
				0AAECB432A17B63A00B0864E /* DogObjectDetector.mlmodel */,
				0ADC195B2A1609F500806D71 /* DogImageClassifier.mlmodel */,
				0ADC19632A16132D00806D71 /* ImageClassifier.swift */,
			);
			path = Model;
			sourceTree = "<group>";
		};
/* End PBXGroup section */

/* Begin PBXNativeTarget section */
		0A1091A72A15CB380014DEF3 /* Jebreed */ = {
			isa = PBXNativeTarget;
			buildConfigurationList = 0A1091BB2A15CB3A0014DEF3 /* Build configuration list for PBXNativeTarget "Jebreed" */;
			buildPhases = (
				0A1091A42A15CB380014DEF3 /* Sources */,
				0A1091A52A15CB380014DEF3 /* Frameworks */,
				0A1091A62A15CB380014DEF3 /* Resources */,
			);
			buildRules = (
			);
			dependencies = (
			);
			name = Jebreed;
			packageProductDependencies = (
				0A13545C2A16313300A3F018 /* Camera-SwiftUI */,
			);
			productName = Jebreed;
			productReference = 0A1091A82A15CB380014DEF3 /* Jebreed.app */;
			productType = "com.apple.product-type.application";
		};
/* End PBXNativeTarget section */

/* Begin PBXProject section */
		0A1091A02A15CB380014DEF3 /* Project object */ = {
			isa = PBXProject;
			attributes = {
				BuildIndependentTargetsInParallel = 1;
				LastSwiftUpdateCheck = 1420;
				LastUpgradeCheck = 1420;
				TargetAttributes = {
					0A1091A72A15CB380014DEF3 = {
						CreatedOnToolsVersion = 14.2;
					};
				};
			};
			buildConfigurationList = 0A1091A32A15CB380014DEF3 /* Build configuration list for PBXProject "Jebreed" */;
			compatibilityVersion = "Xcode 14.0";
			developmentRegion = en;
			hasScannedForEncodings = 0;
			knownRegions = (
				en,
				Base,
			);
			mainGroup = 0A10919F2A15CB380014DEF3;
			packageReferences = (
				0A13545B2A16313300A3F018 /* XCRemoteSwiftPackageReference "Camera-SwiftUI" */,
			);
			productRefGroup = 0A1091A92A15CB380014DEF3 /* Products */;
			projectDirPath = "";
			projectRoot = "";
			targets = (
				0A1091A72A15CB380014DEF3 /* Jebreed */,
			);
		};
/* End PBXProject section */

/* Begin PBXResourcesBuildPhase section */
		0A1091A62A15CB380014DEF3 /* Resources */ = {
			isa = PBXResourcesBuildPhase;
			buildActionMask = 2147483647;
			files = (
				0A1091B32A15CB3A0014DEF3 /* Preview Assets.xcassets in Resources */,
				0A1091B02A15CB3A0014DEF3 /* Assets.xcassets in Resources */,
			);
			runOnlyForDeploymentPostprocessing = 0;
		};
/* End PBXResourcesBuildPhase section */

/* Begin PBXSourcesBuildPhase section */
		0A1091A42A15CB380014DEF3 /* Sources */ = {
			isa = PBXSourcesBuildPhase;
			buildActionMask = 2147483647;
			files = (
				0ADC19642A16132D00806D71 /* ImageClassifier.swift in Sources */,
				0A1091B52A15CB3A0014DEF3 /* Persistence.swift in Sources */,
				0AAECB442A17B63A00B0864E /* DogObjectDetector.mlmodel in Sources */,
				0A13545F2A1631A800A3F018 /* CameraView.swift in Sources */,
				0ADC195E2A160AA400806D71 /* MainView.swift in Sources */,
				0A1091B82A15CB3A0014DEF3 /* Jebreed.xcdatamodeld in Sources */,
				0ADC195C2A1609F500806D71 /* DogImageClassifier.mlmodel in Sources */,
				0A1091AE2A15CB380014DEF3 /* ContentView.swift in Sources */,
				0A1091AC2A15CB380014DEF3 /* JebreedApp.swift in Sources */,
			);
			runOnlyForDeploymentPostprocessing = 0;
		};
/* End PBXSourcesBuildPhase section */

/* Begin XCBuildConfiguration section */
		0A1091B92A15CB3A0014DEF3 /* Debug */ = {
			isa = XCBuildConfiguration;
			buildSettings = {
				ALWAYS_SEARCH_USER_PATHS = NO;
				CLANG_ANALYZER_NONNULL = YES;
				CLANG_ANALYZER_NUMBER_OBJECT_CONVERSION = YES_AGGRESSIVE;
				CLANG_CXX_LANGUAGE_STANDARD = "gnu++20";
				CLANG_ENABLE_MODULES = YES;
				CLANG_ENABLE_OBJC_ARC = YES;
				CLANG_ENABLE_OBJC_WEAK = YES;
				CLANG_WARN_BLOCK_CAPTURE_AUTORELEASING = YES;
				CLANG_WARN_BOOL_CONVERSION = YES;
				CLANG_WARN_COMMA = YES;
				CLANG_WARN_CONSTANT_CONVERSION = YES;
				CLANG_WARN_DEPRECATED_OBJC_IMPLEMENTATIONS = YES;
				CLANG_WARN_DIRECT_OBJC_ISA_USAGE = YES_ERROR;
				CLANG_WARN_DOCUMENTATION_COMMENTS = YES;
				CLANG_WARN_EMPTY_BODY = YES;
				CLANG_WARN_ENUM_CONVERSION = YES;
				CLANG_WARN_INFINITE_RECURSION = YES;
				CLANG_WARN_INT_CONVERSION = YES;
				CLANG_WARN_NON_LITERAL_NULL_CONVERSION = YES;
				CLANG_WARN_OBJC_IMPLICIT_RETAIN_SELF = YES;
				CLANG_WARN_OBJC_LITERAL_CONVERSION = YES;
				CLANG_WARN_OBJC_ROOT_CLASS = YES_ERROR;
				CLANG_WARN_QUOTED_INCLUDE_IN_FRAMEWORK_HEADER = YES;
				CLANG_WARN_RANGE_LOOP_ANALYSIS = YES;
				CLANG_WARN_STRICT_PROTOTYPES = YES;
				CLANG_WARN_SUSPICIOUS_MOVE = YES;
				CLANG_WARN_UNGUARDED_AVAILABILITY = YES_AGGRESSIVE;
				CLANG_WARN_UNREACHABLE_CODE = YES;
				CLANG_WARN__DUPLICATE_METHOD_MATCH = YES;
				COPY_PHASE_STRIP = NO;
				DEBUG_INFORMATION_FORMAT = dwarf;
				ENABLE_STRICT_OBJC_MSGSEND = YES;
				ENABLE_TESTABILITY = YES;
				GCC_C_LANGUAGE_STANDARD = gnu11;
				GCC_DYNAMIC_NO_PIC = NO;
				GCC_NO_COMMON_BLOCKS = YES;
				GCC_OPTIMIZATION_LEVEL = 0;
				GCC_PREPROCESSOR_DEFINITIONS = (
					"DEBUG=1",
					"$(inherited)",
				);
				GCC_WARN_64_TO_32_BIT_CONVERSION = YES;
				GCC_WARN_ABOUT_RETURN_TYPE = YES_ERROR;
				GCC_WARN_UNDECLARED_SELECTOR = YES;
				GCC_WARN_UNINITIALIZED_AUTOS = YES_AGGRESSIVE;
				GCC_WARN_UNUSED_FUNCTION = YES;
				GCC_WARN_UNUSED_VARIABLE = YES;
				IPHONEOS_DEPLOYMENT_TARGET = 16.2;
				MTL_ENABLE_DEBUG_INFO = INCLUDE_SOURCE;
				MTL_FAST_MATH = YES;
				ONLY_ACTIVE_ARCH = YES;
				SDKROOT = iphoneos;
				SWIFT_ACTIVE_COMPILATION_CONDITIONS = DEBUG;
				SWIFT_OPTIMIZATION_LEVEL = "-Onone";
			};
			name = Debug;
		};
		0A1091BA2A15CB3A0014DEF3 /* Release */ = {
			isa = XCBuildConfiguration;
			buildSettings = {
				ALWAYS_SEARCH_USER_PATHS = NO;
				CLANG_ANALYZER_NONNULL = YES;
				CLANG_ANALYZER_NUMBER_OBJECT_CONVERSION = YES_AGGRESSIVE;
				CLANG_CXX_LANGUAGE_STANDARD = "gnu++20";
				CLANG_ENABLE_MODULES = YES;
				CLANG_ENABLE_OBJC_ARC = YES;
				CLANG_ENABLE_OBJC_WEAK = YES;
				CLANG_WARN_BLOCK_CAPTURE_AUTORELEASING = YES;
				CLANG_WARN_BOOL_CONVERSION = YES;
				CLANG_WARN_COMMA = YES;
				CLANG_WARN_CONSTANT_CONVERSION = YES;
				CLANG_WARN_DEPRECATED_OBJC_IMPLEMENTATIONS = YES;
				CLANG_WARN_DIRECT_OBJC_ISA_USAGE = YES_ERROR;
				CLANG_WARN_DOCUMENTATION_COMMENTS = YES;
				CLANG_WARN_EMPTY_BODY = YES;
				CLANG_WARN_ENUM_CONVERSION = YES;
				CLANG_WARN_INFINITE_RECURSION = YES;
				CLANG_WARN_INT_CONVERSION = YES;
				CLANG_WARN_NON_LITERAL_NULL_CONVERSION = YES;
				CLANG_WARN_OBJC_IMPLICIT_RETAIN_SELF = YES;
				CLANG_WARN_OBJC_LITERAL_CONVERSION = YES;
				CLANG_WARN_OBJC_ROOT_CLASS = YES_ERROR;
				CLANG_WARN_QUOTED_INCLUDE_IN_FRAMEWORK_HEADER = YES;
				CLANG_WARN_RANGE_LOOP_ANALYSIS = YES;
				CLANG_WARN_STRICT_PROTOTYPES = YES;
				CLANG_WARN_SUSPICIOUS_MOVE = YES;
				CLANG_WARN_UNGUARDED_AVAILABILITY = YES_AGGRESSIVE;
				CLANG_WARN_UNREACHABLE_CODE = YES;
				CLANG_WARN__DUPLICATE_METHOD_MATCH = YES;
				COPY_PHASE_STRIP = NO;
				DEBUG_INFORMATION_FORMAT = "dwarf-with-dsym";
				ENABLE_NS_ASSERTIONS = NO;
				ENABLE_STRICT_OBJC_MSGSEND = YES;
				GCC_C_LANGUAGE_STANDARD = gnu11;
				GCC_NO_COMMON_BLOCKS = YES;
				GCC_WARN_64_TO_32_BIT_CONVERSION = YES;
				GCC_WARN_ABOUT_RETURN_TYPE = YES_ERROR;
				GCC_WARN_UNDECLARED_SELECTOR = YES;
				GCC_WARN_UNINITIALIZED_AUTOS = YES_AGGRESSIVE;
				GCC_WARN_UNUSED_FUNCTION = YES;
				GCC_WARN_UNUSED_VARIABLE = YES;
				IPHONEOS_DEPLOYMENT_TARGET = 16.2;
				MTL_ENABLE_DEBUG_INFO = NO;
				MTL_FAST_MATH = YES;
				SDKROOT = iphoneos;
				SWIFT_COMPILATION_MODE = wholemodule;
				SWIFT_OPTIMIZATION_LEVEL = "-O";
				VALIDATE_PRODUCT = YES;
			};
			name = Release;
		};
		0A1091BC2A15CB3A0014DEF3 /* Debug */ = {
			isa = XCBuildConfiguration;
			buildSettings = {
				ASSETCATALOG_COMPILER_APPICON_NAME = AppIcon;
				ASSETCATALOG_COMPILER_GLOBAL_ACCENT_COLOR_NAME = AccentColor;
				CODE_SIGN_STYLE = Automatic;
				CURRENT_PROJECT_VERSION = 1;
				DEVELOPMENT_ASSET_PATHS = "\"Jebreed/Preview Content\"";
				DEVELOPMENT_TEAM = 9F7W272RND;
				ENABLE_PREVIEWS = YES;
				GENERATE_INFOPLIST_FILE = YES;
				INFOPLIST_FILE = Jebreed/Info.plist;
				INFOPLIST_KEY_UIApplicationSupportsIndirectInputEvents = YES;
				INFOPLIST_KEY_UILaunchScreen_Generation = YES;
				INFOPLIST_KEY_UISupportedInterfaceOrientations_iPad = "UIInterfaceOrientationPortrait UIInterfaceOrientationPortraitUpsideDown UIInterfaceOrientationLandscapeLeft UIInterfaceOrientationLandscapeRight";
				INFOPLIST_KEY_UISupportedInterfaceOrientations_iPhone = "UIInterfaceOrientationPortrait UIInterfaceOrientationLandscapeLeft UIInterfaceOrientationLandscapeRight";
				LD_RUNPATH_SEARCH_PATHS = (
					"$(inherited)",
					"@executable_path/Frameworks",
				);
				MARKETING_VERSION = 1.0;
				PRODUCT_BUNDLE_IDENTIFIER = jevon.Jebreed;
				PRODUCT_NAME = "$(TARGET_NAME)";
				SWIFT_EMIT_LOC_STRINGS = YES;
				SWIFT_VERSION = 5.0;
				TARGETED_DEVICE_FAMILY = "1,2";
			};
			name = Debug;
		};
		0A1091BD2A15CB3A0014DEF3 /* Release */ = {
			isa = XCBuildConfiguration;
			buildSettings = {
				ASSETCATALOG_COMPILER_APPICON_NAME = AppIcon;
				ASSETCATALOG_COMPILER_GLOBAL_ACCENT_COLOR_NAME = AccentColor;
				CODE_SIGN_STYLE = Automatic;
				CURRENT_PROJECT_VERSION = 1;
				DEVELOPMENT_ASSET_PATHS = "\"Jebreed/Preview Content\"";
				DEVELOPMENT_TEAM = 9F7W272RND;
				ENABLE_PREVIEWS = YES;
				GENERATE_INFOPLIST_FILE = YES;
				INFOPLIST_FILE = Jebreed/Info.plist;
				INFOPLIST_KEY_UIApplicationSupportsIndirectInputEvents = YES;
				INFOPLIST_KEY_UILaunchScreen_Generation = YES;
				INFOPLIST_KEY_UISupportedInterfaceOrientations_iPad = "UIInterfaceOrientationPortrait UIInterfaceOrientationPortraitUpsideDown UIInterfaceOrientationLandscapeLeft UIInterfaceOrientationLandscapeRight";
				INFOPLIST_KEY_UISupportedInterfaceOrientations_iPhone = "UIInterfaceOrientationPortrait UIInterfaceOrientationLandscapeLeft UIInterfaceOrientationLandscapeRight";
				LD_RUNPATH_SEARCH_PATHS = (
					"$(inherited)",
					"@executable_path/Frameworks",
				);
				MARKETING_VERSION = 1.0;
				PRODUCT_BUNDLE_IDENTIFIER = jevon.Jebreed;
				PRODUCT_NAME = "$(TARGET_NAME)";
				SWIFT_EMIT_LOC_STRINGS = YES;
				SWIFT_VERSION = 5.0;
				TARGETED_DEVICE_FAMILY = "1,2";
			};
			name = Release;
		};
/* End XCBuildConfiguration section */

/* Begin XCConfigurationList section */
		0A1091A32A15CB380014DEF3 /* Build configuration list for PBXProject "Jebreed" */ = {
			isa = XCConfigurationList;
			buildConfigurations = (
				0A1091B92A15CB3A0014DEF3 /* Debug */,
				0A1091BA2A15CB3A0014DEF3 /* Release */,
			);
			defaultConfigurationIsVisible = 0;
			defaultConfigurationName = Release;
		};
		0A1091BB2A15CB3A0014DEF3 /* Build configuration list for PBXNativeTarget "Jebreed" */ = {
			isa = XCConfigurationList;
			buildConfigurations = (
				0A1091BC2A15CB3A0014DEF3 /* Debug */,
				0A1091BD2A15CB3A0014DEF3 /* Release */,
			);
			defaultConfigurationIsVisible = 0;
			defaultConfigurationName = Release;
		};
/* End XCConfigurationList section */

/* Begin XCRemoteSwiftPackageReference section */
		0A13545B2A16313300A3F018 /* XCRemoteSwiftPackageReference "Camera-SwiftUI" */ = {
			isa = XCRemoteSwiftPackageReference;
			repositoryURL = "https://github.com/rorodriguez116/Camera-SwiftUI.git";
			requirement = {
				kind = upToNextMajorVersion;
				minimumVersion = 0.5.0;
			};
		};
/* End XCRemoteSwiftPackageReference section */

/* Begin XCSwiftPackageProductDependency section */
		0A13545C2A16313300A3F018 /* Camera-SwiftUI */ = {
			isa = XCSwiftPackageProductDependency;
			package = 0A13545B2A16313300A3F018 /* XCRemoteSwiftPackageReference "Camera-SwiftUI" */;
			productName = "Camera-SwiftUI";
		};
/* End XCSwiftPackageProductDependency section */

/* Begin XCVersionGroup section */
		0A1091B62A15CB3A0014DEF3 /* Jebreed.xcdatamodeld */ = {
			isa = XCVersionGroup;
			children = (
				0A1091B72A15CB3A0014DEF3 /* Jebreed.xcdatamodel */,
			);
			currentVersion = 0A1091B72A15CB3A0014DEF3 /* Jebreed.xcdatamodel */;
			path = Jebreed.xcdatamodeld;
			sourceTree = "<group>";
			versionGroupType = wrapper.xcdatamodel;
		};
/* End XCVersionGroup section */
	};
	rootObject = 0A1091A02A15CB380014DEF3 /* Project object */;
}
